// !$*UTF8*$!
{
	archiveVersion = 1;
	classes = {
	};
	objectVersion = 48;
	objects = {

/* Begin PBXBuildFile section */
		360523F01F7F58A8008D83BD /* SemanticVersionSpec.swift in Sources */ = {isa = PBXBuildFile; fileRef = 360523EF1F7F58A8008D83BD /* SemanticVersionSpec.swift */; };
		6BD9904071E8DD26F6BA20C2 /* Pods_TddbcTests.framework in Frameworks */ = {isa = PBXBuildFile; fileRef = 2D3F335FA9B570EE873A8696 /* Pods_TddbcTests.framework */; };
		992F2E637DE74CE7B31D88C9 /* Pods_Tddbc.framework in Frameworks */ = {isa = PBXBuildFile; fileRef = 1BFD35FEF2D8F17C5E3EAA18 /* Pods_Tddbc.framework */; };
		B2A13F671F7F546400D64CF7 /* AppDelegate.swift in Sources */ = {isa = PBXBuildFile; fileRef = B2A13F661F7F546400D64CF7 /* AppDelegate.swift */; };
		B2A13F691F7F546400D64CF7 /* ViewController.swift in Sources */ = {isa = PBXBuildFile; fileRef = B2A13F681F7F546400D64CF7 /* ViewController.swift */; };
		B2A13F6C1F7F546400D64CF7 /* Main.storyboard in Resources */ = {isa = PBXBuildFile; fileRef = B2A13F6A1F7F546400D64CF7 /* Main.storyboard */; };
		B2A13F6E1F7F546400D64CF7 /* Assets.xcassets in Resources */ = {isa = PBXBuildFile; fileRef = B2A13F6D1F7F546400D64CF7 /* Assets.xcassets */; };
		B2A13F711F7F546400D64CF7 /* LaunchScreen.storyboard in Resources */ = {isa = PBXBuildFile; fileRef = B2A13F6F1F7F546400D64CF7 /* LaunchScreen.storyboard */; };
		B2A13F7C1F7F546500D64CF7 /* TddbcTests.swift in Sources */ = {isa = PBXBuildFile; fileRef = B2A13F7B1F7F546500D64CF7 /* TddbcTests.swift */; };
/* End PBXBuildFile section */

/* Begin PBXContainerItemProxy section */
		B2A13F781F7F546500D64CF7 /* PBXContainerItemProxy */ = {
			isa = PBXContainerItemProxy;
			containerPortal = B2A13F5B1F7F546400D64CF7 /* Project object */;
			proxyType = 1;
			remoteGlobalIDString = B2A13F621F7F546400D64CF7;
			remoteInfo = Tddbc;
		};
/* End PBXContainerItemProxy section */

/* Begin PBXFileReference section */
		0E5D50D1A7D04A932D358FBF /* Pods-Tddbc.debug.xcconfig */ = {isa = PBXFileReference; includeInIndex = 1; lastKnownFileType = text.xcconfig; name = "Pods-Tddbc.debug.xcconfig"; path = "Pods/Target Support Files/Pods-Tddbc/Pods-Tddbc.debug.xcconfig"; sourceTree = "<group>"; };
		1BFD35FEF2D8F17C5E3EAA18 /* Pods_Tddbc.framework */ = {isa = PBXFileReference; explicitFileType = wrapper.framework; includeInIndex = 0; path = Pods_Tddbc.framework; sourceTree = BUILT_PRODUCTS_DIR; };
		2D3F335FA9B570EE873A8696 /* Pods_TddbcTests.framework */ = {isa = PBXFileReference; explicitFileType = wrapper.framework; includeInIndex = 0; path = Pods_TddbcTests.framework; sourceTree = BUILT_PRODUCTS_DIR; };
		360523EF1F7F58A8008D83BD /* SemanticVersionSpec.swift */ = {isa = PBXFileReference; lastKnownFileType = sourcecode.swift; path = SemanticVersionSpec.swift; sourceTree = "<group>"; };
		46BC6CD7A36B40CA79333A3B /* Pods-Tddbc.release.xcconfig */ = {isa = PBXFileReference; includeInIndex = 1; lastKnownFileType = text.xcconfig; name = "Pods-Tddbc.release.xcconfig"; path = "Pods/Target Support Files/Pods-Tddbc/Pods-Tddbc.release.xcconfig"; sourceTree = "<group>"; };
		710CB38A82C7BD5C0E81F7E4 /* Pods-TddbcTests.debug.xcconfig */ = {isa = PBXFileReference; includeInIndex = 1; lastKnownFileType = text.xcconfig; name = "Pods-TddbcTests.debug.xcconfig"; path = "Pods/Target Support Files/Pods-TddbcTests/Pods-TddbcTests.debug.xcconfig"; sourceTree = "<group>"; };
		B2A13F631F7F546400D64CF7 /* Tddbc.app */ = {isa = PBXFileReference; explicitFileType = wrapper.application; includeInIndex = 0; path = Tddbc.app; sourceTree = BUILT_PRODUCTS_DIR; };
		B2A13F661F7F546400D64CF7 /* AppDelegate.swift */ = {isa = PBXFileReference; lastKnownFileType = sourcecode.swift; path = AppDelegate.swift; sourceTree = "<group>"; };
		B2A13F681F7F546400D64CF7 /* ViewController.swift */ = {isa = PBXFileReference; lastKnownFileType = sourcecode.swift; path = ViewController.swift; sourceTree = "<group>"; };
		B2A13F6B1F7F546400D64CF7 /* Base */ = {isa = PBXFileReference; lastKnownFileType = file.storyboard; name = Base; path = Base.lproj/Main.storyboard; sourceTree = "<group>"; };
		B2A13F6D1F7F546400D64CF7 /* Assets.xcassets */ = {isa = PBXFileReference; lastKnownFileType = folder.assetcatalog; path = Assets.xcassets; sourceTree = "<group>"; };
		B2A13F701F7F546400D64CF7 /* Base */ = {isa = PBXFileReference; lastKnownFileType = file.storyboard; name = Base; path = Base.lproj/LaunchScreen.storyboard; sourceTree = "<group>"; };
		B2A13F721F7F546400D64CF7 /* Info.plist */ = {isa = PBXFileReference; lastKnownFileType = text.plist.xml; path = Info.plist; sourceTree = "<group>"; };
		B2A13F771F7F546500D64CF7 /* TddbcTests.xctest */ = {isa = PBXFileReference; explicitFileType = wrapper.cfbundle; includeInIndex = 0; path = TddbcTests.xctest; sourceTree = BUILT_PRODUCTS_DIR; };
		B2A13F7B1F7F546500D64CF7 /* TddbcTests.swift */ = {isa = PBXFileReference; lastKnownFileType = sourcecode.swift; path = TddbcTests.swift; sourceTree = "<group>"; };
		B2A13F7D1F7F546500D64CF7 /* Info.plist */ = {isa = PBXFileReference; lastKnownFileType = text.plist.xml; path = Info.plist; sourceTree = "<group>"; };
		D4D413A0316ABD9B03EE53DC /* Pods-TddbcTests.release.xcconfig */ = {isa = PBXFileReference; includeInIndex = 1; lastKnownFileType = text.xcconfig; name = "Pods-TddbcTests.release.xcconfig"; path = "Pods/Target Support Files/Pods-TddbcTests/Pods-TddbcTests.release.xcconfig"; sourceTree = "<group>"; };
/* End PBXFileReference section */

/* Begin PBXFrameworksBuildPhase section */
		B2A13F601F7F546400D64CF7 /* Frameworks */ = {
			isa = PBXFrameworksBuildPhase;
			buildActionMask = 2147483647;
			files = (
				992F2E637DE74CE7B31D88C9 /* Pods_Tddbc.framework in Frameworks */,
			);
			runOnlyForDeploymentPostprocessing = 0;
		};
		B2A13F741F7F546500D64CF7 /* Frameworks */ = {
			isa = PBXFrameworksBuildPhase;
			buildActionMask = 2147483647;
			files = (
				6BD9904071E8DD26F6BA20C2 /* Pods_TddbcTests.framework in Frameworks */,
			);
			runOnlyForDeploymentPostprocessing = 0;
		};
/* End PBXFrameworksBuildPhase section */

/* Begin PBXGroup section */
		2E322569C8E5001C8F90A191 /* Pods */ = {
			isa = PBXGroup;
			children = (
				0E5D50D1A7D04A932D358FBF /* Pods-Tddbc.debug.xcconfig */,
				46BC6CD7A36B40CA79333A3B /* Pods-Tddbc.release.xcconfig */,
				710CB38A82C7BD5C0E81F7E4 /* Pods-TddbcTests.debug.xcconfig */,
				D4D413A0316ABD9B03EE53DC /* Pods-TddbcTests.release.xcconfig */,
			);
			name = Pods;
			sourceTree = "<group>";
		};
		65B88B7B935554BE56950AE6 /* Frameworks */ = {
			isa = PBXGroup;
			children = (
				1BFD35FEF2D8F17C5E3EAA18 /* Pods_Tddbc.framework */,
				2D3F335FA9B570EE873A8696 /* Pods_TddbcTests.framework */,
			);
			name = Frameworks;
			sourceTree = "<group>";
		};
		B2A13F5A1F7F546400D64CF7 = {
			isa = PBXGroup;
			children = (
				B2A13F651F7F546400D64CF7 /* Tddbc */,
				B2A13F7A1F7F546500D64CF7 /* TddbcTests */,
				B2A13F641F7F546400D64CF7 /* Products */,
				2E322569C8E5001C8F90A191 /* Pods */,
				65B88B7B935554BE56950AE6 /* Frameworks */,
			);
			sourceTree = "<group>";
		};
		B2A13F641F7F546400D64CF7 /* Products */ = {
			isa = PBXGroup;
			children = (
				B2A13F631F7F546400D64CF7 /* Tddbc.app */,
				B2A13F771F7F546500D64CF7 /* TddbcTests.xctest */,
			);
			name = Products;
			sourceTree = "<group>";
		};
		B2A13F651F7F546400D64CF7 /* Tddbc */ = {
			isa = PBXGroup;
			children = (
				B2A13F661F7F546400D64CF7 /* AppDelegate.swift */,
				B2A13F681F7F546400D64CF7 /* ViewController.swift */,
				B2A13F6A1F7F546400D64CF7 /* Main.storyboard */,
				B2A13F6D1F7F546400D64CF7 /* Assets.xcassets */,
				B2A13F6F1F7F546400D64CF7 /* LaunchScreen.storyboard */,
				B2A13F721F7F546400D64CF7 /* Info.plist */,
			);
			path = Tddbc;
			sourceTree = "<group>";
		};
		B2A13F7A1F7F546500D64CF7 /* TddbcTests */ = {
			isa = PBXGroup;
			children = (
				B2A13F7B1F7F546500D64CF7 /* TddbcTests.swift */,
				360523EF1F7F58A8008D83BD /* SemanticVersionSpec.swift */,
				B2A13F7D1F7F546500D64CF7 /* Info.plist */,
			);
			path = TddbcTests;
			sourceTree = "<group>";
		};
/* End PBXGroup section */

/* Begin PBXNativeTarget section */
		B2A13F621F7F546400D64CF7 /* Tddbc */ = {
			isa = PBXNativeTarget;
			buildConfigurationList = B2A13F801F7F546500D64CF7 /* Build configuration list for PBXNativeTarget "Tddbc" */;
			buildPhases = (
				3AF26032D94F2FEFAF340A5D /* [CP] Check Pods Manifest.lock */,
				B2A13F5F1F7F546400D64CF7 /* Sources */,
				B2A13F601F7F546400D64CF7 /* Frameworks */,
				B2A13F611F7F546400D64CF7 /* Resources */,
				AB9C71657804D6CFF71133B1 /* [CP] Embed Pods Frameworks */,
				2F9DDA593DD1F48A65BD8E0D /* [CP] Copy Pods Resources */,
			);
			buildRules = (
			);
			dependencies = (
			);
			name = Tddbc;
			productName = Tddbc;
			productReference = B2A13F631F7F546400D64CF7 /* Tddbc.app */;
			productType = "com.apple.product-type.application";
		};
		B2A13F761F7F546500D64CF7 /* TddbcTests */ = {
			isa = PBXNativeTarget;
			buildConfigurationList = B2A13F831F7F546500D64CF7 /* Build configuration list for PBXNativeTarget "TddbcTests" */;
			buildPhases = (
				783CFD62A55580AC4F4A8A8C /* [CP] Check Pods Manifest.lock */,
				B2A13F731F7F546500D64CF7 /* Sources */,
				B2A13F741F7F546500D64CF7 /* Frameworks */,
				B2A13F751F7F546500D64CF7 /* Resources */,
				9C97B4C0002A00D1D2FFB2AE /* [CP] Embed Pods Frameworks */,
				9BD51DF21CC1D59C34455D47 /* [CP] Copy Pods Resources */,
			);
			buildRules = (
			);
			dependencies = (
				B2A13F791F7F546500D64CF7 /* PBXTargetDependency */,
			);
			name = TddbcTests;
			productName = TddbcTests;
			productReference = B2A13F771F7F546500D64CF7 /* TddbcTests.xctest */;
			productType = "com.apple.product-type.bundle.unit-test";
		};
/* End PBXNativeTarget section */

/* Begin PBXProject section */
		B2A13F5B1F7F546400D64CF7 /* Project object */ = {
			isa = PBXProject;
			attributes = {
				LastSwiftUpdateCheck = 0900;
				LastUpgradeCheck = 0900;
				ORGANIZATIONNAME = gaopin;
				TargetAttributes = {
					B2A13F621F7F546400D64CF7 = {
						CreatedOnToolsVersion = 9.0;
						ProvisioningStyle = Automatic;
					};
					B2A13F761F7F546500D64CF7 = {
						CreatedOnToolsVersion = 9.0;
						ProvisioningStyle = Automatic;
						TestTargetID = B2A13F621F7F546400D64CF7;
					};
				};
			};
			buildConfigurationList = B2A13F5E1F7F546400D64CF7 /* Build configuration list for PBXProject "Tddbc" */;
			compatibilityVersion = "Xcode 8.0";
			developmentRegion = en;
			hasScannedForEncodings = 0;
			knownRegions = (
				en,
				Base,
			);
			mainGroup = B2A13F5A1F7F546400D64CF7;
			productRefGroup = B2A13F641F7F546400D64CF7 /* Products */;
			projectDirPath = "";
			projectRoot = "";
			targets = (
				B2A13F621F7F546400D64CF7 /* Tddbc */,
				B2A13F761F7F546500D64CF7 /* TddbcTests */,
			);
		};
/* End PBXProject section */

/* Begin PBXResourcesBuildPhase section */
		B2A13F611F7F546400D64CF7 /* Resources */ = {
			isa = PBXResourcesBuildPhase;
			buildActionMask = 2147483647;
			files = (
				B2A13F711F7F546400D64CF7 /* LaunchScreen.storyboard in Resources */,
				B2A13F6E1F7F546400D64CF7 /* Assets.xcassets in Resources */,
				B2A13F6C1F7F546400D64CF7 /* Main.storyboard in Resources */,
			);
			runOnlyForDeploymentPostprocessing = 0;
		};
		B2A13F751F7F546500D64CF7 /* Resources */ = {
			isa = PBXResourcesBuildPhase;
			buildActionMask = 2147483647;
			files = (
			);
			runOnlyForDeploymentPostprocessing = 0;
		};
/* End PBXResourcesBuildPhase section */

/* Begin PBXShellScriptBuildPhase section */
		2F9DDA593DD1F48A65BD8E0D /* [CP] Copy Pods Resources */ = {
			isa = PBXShellScriptBuildPhase;
			buildActionMask = 2147483647;
			files = (
			);
			inputPaths = (
			);
			name = "[CP] Copy Pods Resources";
			outputPaths = (
			);
			runOnlyForDeploymentPostprocessing = 0;
			shellPath = /bin/sh;
			shellScript = "\"${SRCROOT}/Pods/Target Support Files/Pods-Tddbc/Pods-Tddbc-resources.sh\"\n";
			showEnvVarsInLog = 0;
		};
		3AF26032D94F2FEFAF340A5D /* [CP] Check Pods Manifest.lock */ = {
			isa = PBXShellScriptBuildPhase;
			buildActionMask = 2147483647;
			files = (
			);
			inputPaths = (
				"${PODS_PODFILE_DIR_PATH}/Podfile.lock",
				"${PODS_ROOT}/Manifest.lock",
			);
			name = "[CP] Check Pods Manifest.lock";
			outputPaths = (
				"$(DERIVED_FILE_DIR)/Pods-Tddbc-checkManifestLockResult.txt",
			);
			runOnlyForDeploymentPostprocessing = 0;
			shellPath = /bin/sh;
			shellScript = "diff \"${PODS_PODFILE_DIR_PATH}/Podfile.lock\" \"${PODS_ROOT}/Manifest.lock\" > /dev/null\nif [ $? != 0 ] ; then\n    # print error to STDERR\n    echo \"error: The sandbox is not in sync with the Podfile.lock. Run 'pod install' or update your CocoaPods installation.\" >&2\n    exit 1\nfi\n# This output is used by Xcode 'outputs' to avoid re-running this script phase.\necho \"SUCCESS\" > \"${SCRIPT_OUTPUT_FILE_0}\"\n";
			showEnvVarsInLog = 0;
		};
		783CFD62A55580AC4F4A8A8C /* [CP] Check Pods Manifest.lock */ = {
			isa = PBXShellScriptBuildPhase;
			buildActionMask = 2147483647;
			files = (
			);
			inputPaths = (
				"${PODS_PODFILE_DIR_PATH}/Podfile.lock",
				"${PODS_ROOT}/Manifest.lock",
			);
			name = "[CP] Check Pods Manifest.lock";
			outputPaths = (
				"$(DERIVED_FILE_DIR)/Pods-TddbcTests-checkManifestLockResult.txt",
			);
			runOnlyForDeploymentPostprocessing = 0;
			shellPath = /bin/sh;
			shellScript = "diff \"${PODS_PODFILE_DIR_PATH}/Podfile.lock\" \"${PODS_ROOT}/Manifest.lock\" > /dev/null\nif [ $? != 0 ] ; then\n    # print error to STDERR\n    echo \"error: The sandbox is not in sync with the Podfile.lock. Run 'pod install' or update your CocoaPods installation.\" >&2\n    exit 1\nfi\n# This output is used by Xcode 'outputs' to avoid re-running this script phase.\necho \"SUCCESS\" > \"${SCRIPT_OUTPUT_FILE_0}\"\n";
			showEnvVarsInLog = 0;
		};
		9BD51DF21CC1D59C34455D47 /* [CP] Copy Pods Resources */ = {
			isa = PBXShellScriptBuildPhase;
			buildActionMask = 2147483647;
			files = (
			);
			inputPaths = (
			);
			name = "[CP] Copy Pods Resources";
			outputPaths = (
			);
			runOnlyForDeploymentPostprocessing = 0;
			shellPath = /bin/sh;
			shellScript = "\"${SRCROOT}/Pods/Target Support Files/Pods-TddbcTests/Pods-TddbcTests-resources.sh\"\n";
			showEnvVarsInLog = 0;
		};
		9C97B4C0002A00D1D2FFB2AE /* [CP] Embed Pods Frameworks */ = {
			isa = PBXShellScriptBuildPhase;
			buildActionMask = 2147483647;
			files = (
			);
			inputPaths = (
				"${SRCROOT}/Pods/Target Support Files/Pods-TddbcTests/Pods-TddbcTests-frameworks.sh",
				"${BUILT_PRODUCTS_DIR}/Nimble/Nimble.framework",
				"${BUILT_PRODUCTS_DIR}/Quick/Quick.framework",
			);
			name = "[CP] Embed Pods Frameworks";
			outputPaths = (
				"${TARGET_BUILD_DIR}/${FRAMEWORKS_FOLDER_PATH}/Nimble.framework",
				"${TARGET_BUILD_DIR}/${FRAMEWORKS_FOLDER_PATH}/Quick.framework",
			);
			runOnlyForDeploymentPostprocessing = 0;
			shellPath = /bin/sh;
			shellScript = "\"${SRCROOT}/Pods/Target Support Files/Pods-TddbcTests/Pods-TddbcTests-frameworks.sh\"\n";
			showEnvVarsInLog = 0;
		};
		AB9C71657804D6CFF71133B1 /* [CP] Embed Pods Frameworks */ = {
			isa = PBXShellScriptBuildPhase;
			buildActionMask = 2147483647;
			files = (
			);
			inputPaths = (
			);
			name = "[CP] Embed Pods Frameworks";
			outputPaths = (
			);
			runOnlyForDeploymentPostprocessing = 0;
			shellPath = /bin/sh;
			shellScript = "\"${SRCROOT}/Pods/Target Support Files/Pods-Tddbc/Pods-Tddbc-frameworks.sh\"\n";
			showEnvVarsInLog = 0;
		};
/* End PBXShellScriptBuildPhase section */

/* Begin PBXSourcesBuildPhase section */
		B2A13F5F1F7F546400D64CF7 /* Sources */ = {
			isa = PBXSourcesBuildPhase;
			buildActionMask = 2147483647;
			files = (
				B2A13F691F7F546400D64CF7 /* ViewController.swift in Sources */,
				B2A13F671F7F546400D64CF7 /* AppDelegate.swift in Sources */,
			);
			runOnlyForDeploymentPostprocessing = 0;
		};
		B2A13F731F7F546500D64CF7 /* Sources */ = {
			isa = PBXSourcesBuildPhase;
			buildActionMask = 2147483647;
			files = (
				B2A13F7C1F7F546500D64CF7 /* TddbcTests.swift in Sources */,
				360523F01F7F58A8008D83BD /* SemanticVersionSpec.swift in Sources */,
			);
			runOnlyForDeploymentPostprocessing = 0;
		};
/* End PBXSourcesBuildPhase section */

/* Begin PBXTargetDependency section */
		B2A13F791F7F546500D64CF7 /* PBXTargetDependency */ = {
			isa = PBXTargetDependency;
			target = B2A13F621F7F546400D64CF7 /* Tddbc */;
			targetProxy = B2A13F781F7F546500D64CF7 /* PBXContainerItemProxy */;
		};
/* End PBXTargetDependency section */

/* Begin PBXVariantGroup section */
		B2A13F6A1F7F546400D64CF7 /* Main.storyboard */ = {
			isa = PBXVariantGroup;
			children = (
				B2A13F6B1F7F546400D64CF7 /* Base */,
			);
			name = Main.storyboard;
			sourceTree = "<group>";
		};
		B2A13F6F1F7F546400D64CF7 /* LaunchScreen.storyboard */ = {
			isa = PBXVariantGroup;
			children = (
				B2A13F701F7F546400D64CF7 /* Base */,
			);
			name = LaunchScreen.storyboard;
			sourceTree = "<group>";
		};
/* End PBXVariantGroup section */

/* Begin XCBuildConfiguration section */
		B2A13F7E1F7F546500D64CF7 /* Debug */ = {
			isa = XCBuildConfiguration;
			buildSettings = {
				ALWAYS_SEARCH_USER_PATHS = NO;
				CLANG_ANALYZER_NONNULL = YES;
				CLANG_ANALYZER_NUMBER_OBJECT_CONVERSION = YES_AGGRESSIVE;
				CLANG_CXX_LANGUAGE_STANDARD = "gnu++14";
				CLANG_CXX_LIBRARY = "libc++";
				CLANG_ENABLE_MODULES = YES;
				CLANG_ENABLE_OBJC_ARC = YES;
				CLANG_WARN_BLOCK_CAPTURE_AUTORELEASING = YES;
				CLANG_WARN_BOOL_CONVERSION = YES;
				CLANG_WARN_COMMA = YES;
				CLANG_WARN_CONSTANT_CONVERSION = YES;
				CLANG_WARN_DIRECT_OBJC_ISA_USAGE = YES_ERROR;
				CLANG_WARN_DOCUMENTATION_COMMENTS = YES;
				CLANG_WARN_EMPTY_BODY = YES;
				CLANG_WARN_ENUM_CONVERSION = YES;
				CLANG_WARN_INFINITE_RECURSION = YES;
				CLANG_WARN_INT_CONVERSION = YES;
				CLANG_WARN_NON_LITERAL_NULL_CONVERSION = YES;
				CLANG_WARN_OBJC_LITERAL_CONVERSION = YES;
				CLANG_WARN_OBJC_ROOT_CLASS = YES_ERROR;
				CLANG_WARN_RANGE_LOOP_ANALYSIS = YES;
				CLANG_WARN_STRICT_PROTOTYPES = YES;
				CLANG_WARN_SUSPICIOUS_MOVE = YES;
				CLANG_WARN_UNGUARDED_AVAILABILITY = YES_AGGRESSIVE;
				CLANG_WARN_UNREACHABLE_CODE = YES;
				CLANG_WARN__DUPLICATE_METHOD_MATCH = YES;
				CODE_SIGN_IDENTITY = "iPhone Developer";
				COPY_PHASE_STRIP = NO;
				DEBUG_INFORMATION_FORMAT = dwarf;
				ENABLE_STRICT_OBJC_MSGSEND = YES;
				ENABLE_TESTABILITY = YES;
				GCC_C_LANGUAGE_STANDARD = gnu11;
				GCC_DYNAMIC_NO_PIC = NO;
				GCC_NO_COMMON_BLOCKS = YES;
				GCC_OPTIMIZATION_LEVEL = 0;
				GCC_PREPROCESSOR_DEFINITIONS = (
					"DEBUG=1",
					"$(inherited)",
				);
				GCC_WARN_64_TO_32_BIT_CONVERSION = YES;
				GCC_WARN_ABOUT_RETURN_TYPE = YES_ERROR;
				GCC_WARN_UNDECLARED_SELECTOR = YES;
				GCC_WARN_UNINITIALIZED_AUTOS = YES_AGGRESSIVE;
				GCC_WARN_UNUSED_FUNCTION = YES;
				GCC_WARN_UNUSED_VARIABLE = YES;
				IPHONEOS_DEPLOYMENT_TARGET = 11.0;
				MTL_ENABLE_DEBUG_INFO = YES;
				ONLY_ACTIVE_ARCH = YES;
				SDKROOT = iphoneos;
				SWIFT_ACTIVE_COMPILATION_CONDITIONS = DEBUG;
				SWIFT_OPTIMIZATION_LEVEL = "-Onone";
			};
			name = Debug;
		};
		B2A13F7F1F7F546500D64CF7 /* Release */ = {
			isa = XCBuildConfiguration;
			buildSettings = {
				ALWAYS_SEARCH_USER_PATHS = NO;
				CLANG_ANALYZER_NONNULL = YES;
				CLANG_ANALYZER_NUMBER_OBJECT_CONVERSION = YES_AGGRESSIVE;
				CLANG_CXX_LANGUAGE_STANDARD = "gnu++14";
				CLANG_CXX_LIBRARY = "libc++";
				CLANG_ENABLE_MODULES = YES;
				CLANG_ENABLE_OBJC_ARC = YES;
				CLANG_WARN_BLOCK_CAPTURE_AUTORELEASING = YES;
				CLANG_WARN_BOOL_CONVERSION = YES;
				CLANG_WARN_COMMA = YES;
				CLANG_WARN_CONSTANT_CONVERSION = YES;
				CLANG_WARN_DIRECT_OBJC_ISA_USAGE = YES_ERROR;
				CLANG_WARN_DOCUMENTATION_COMMENTS = YES;
				CLANG_WARN_EMPTY_BODY = YES;
				CLANG_WARN_ENUM_CONVERSION = YES;
				CLANG_WARN_INFINITE_RECURSION = YES;
				CLANG_WARN_INT_CONVERSION = YES;
				CLANG_WARN_NON_LITERAL_NULL_CONVERSION = YES;
				CLANG_WARN_OBJC_LITERAL_CONVERSION = YES;
				CLANG_WARN_OBJC_ROOT_CLASS = YES_ERROR;
				CLANG_WARN_RANGE_LOOP_ANALYSIS = YES;
				CLANG_WARN_STRICT_PROTOTYPES = YES;
				CLANG_WARN_SUSPICIOUS_MOVE = YES;
				CLANG_WARN_UNGUARDED_AVAILABILITY = YES_AGGRESSIVE;
				CLANG_WARN_UNREACHABLE_CODE = YES;
				CLANG_WARN__DUPLICATE_METHOD_MATCH = YES;
				CODE_SIGN_IDENTITY = "iPhone Developer";
				COPY_PHASE_STRIP = NO;
				DEBUG_INFORMATION_FORMAT = "dwarf-with-dsym";
				ENABLE_NS_ASSERTIONS = NO;
				ENABLE_STRICT_OBJC_MSGSEND = YES;
				GCC_C_LANGUAGE_STANDARD = gnu11;
				GCC_NO_COMMON_BLOCKS = YES;
				GCC_WARN_64_TO_32_BIT_CONVERSION = YES;
				GCC_WARN_ABOUT_RETURN_TYPE = YES_ERROR;
				GCC_WARN_UNDECLARED_SELECTOR = YES;
				GCC_WARN_UNINITIALIZED_AUTOS = YES_AGGRESSIVE;
				GCC_WARN_UNUSED_FUNCTION = YES;
				GCC_WARN_UNUSED_VARIABLE = YES;
				IPHONEOS_DEPLOYMENT_TARGET = 11.0;
				MTL_ENABLE_DEBUG_INFO = NO;
				SDKROOT = iphoneos;
				SWIFT_OPTIMIZATION_LEVEL = "-Owholemodule";
				VALIDATE_PRODUCT = YES;
			};
			name = Release;
		};
		B2A13F811F7F546500D64CF7 /* Debug */ = {
			isa = XCBuildConfiguration;
			baseConfigurationReference = 0E5D50D1A7D04A932D358FBF /* Pods-Tddbc.debug.xcconfig */;
			buildSettings = {
				ASSETCATALOG_COMPILER_APPICON_NAME = AppIcon;
				CODE_SIGN_STYLE = Automatic;
				DEVELOPMENT_TEAM = 8M5XC3X994;
				INFOPLIST_FILE = Tddbc/Info.plist;
				LD_RUNPATH_SEARCH_PATHS = "$(inherited) @executable_path/Frameworks";
				PRODUCT_BUNDLE_IDENTIFIER = gaopin1534.Tddbc;
				PRODUCT_NAME = "$(TARGET_NAME)";
				SWIFT_VERSION = 4.0;
				TARGETED_DEVICE_FAMILY = "1,2";
			};
			name = Debug;
		};
		B2A13F821F7F546500D64CF7 /* Release */ = {
			isa = XCBuildConfiguration;
			baseConfigurationReference = 46BC6CD7A36B40CA79333A3B /* Pods-Tddbc.release.xcconfig */;
			buildSettings = {
				ASSETCATALOG_COMPILER_APPICON_NAME = AppIcon;
				CODE_SIGN_STYLE = Automatic;
				DEVELOPMENT_TEAM = 8M5XC3X994;
				INFOPLIST_FILE = Tddbc/Info.plist;
				LD_RUNPATH_SEARCH_PATHS = "$(inherited) @executable_path/Frameworks";
				PRODUCT_BUNDLE_IDENTIFIER = gaopin1534.Tddbc;
				PRODUCT_NAME = "$(TARGET_NAME)";
				SWIFT_VERSION = 4.0;
				TARGETED_DEVICE_FAMILY = "1,2";
			};
			name = Release;
		};
		B2A13F841F7F546500D64CF7 /* Debug */ = {
			isa = XCBuildConfiguration;
			baseConfigurationReference = 710CB38A82C7BD5C0E81F7E4 /* Pods-TddbcTests.debug.xcconfig */;
			buildSettings = {
				ALWAYS_EMBED_SWIFT_STANDARD_LIBRARIES = YES;
				BUNDLE_LOADER = "$(TEST_HOST)";
				CODE_SIGN_STYLE = Automatic;
				INFOPLIST_FILE = TddbcTests/Info.plist;
				LD_RUNPATH_SEARCH_PATHS = "$(inherited) @executable_path/Frameworks @loader_path/Frameworks";
				PRODUCT_BUNDLE_IDENTIFIER = gaopin1534.TddbcTests;
				PRODUCT_NAME = "$(TARGET_NAME)";
				SWIFT_VERSION = 4.0;
				TARGETED_DEVICE_FAMILY = "1,2";
				TEST_HOST = "$(BUILT_PRODUCTS_DIR)/Tddbc.app/Tddbc";
			};
			name = Debug;
		};
		B2A13F851F7F546500D64CF7 /* Release */ = {
			isa = XCBuildConfiguration;
			baseConfigurationReference = D4D413A0316ABD9B03EE53DC /* Pods-TddbcTests.release.xcconfig */;
			buildSettings = {
				ALWAYS_EMBED_SWIFT_STANDARD_LIBRARIES = YES;
				BUNDLE_LOADER = "$(TEST_HOST)";
				CODE_SIGN_STYLE = Automatic;
				INFOPLIST_FILE = TddbcTests/Info.plist;
				LD_RUNPATH_SEARCH_PATHS = "$(inherited) @executable_path/Frameworks @loader_path/Frameworks";
				PRODUCT_BUNDLE_IDENTIFIER = gaopin1534.TddbcTests;
				PRODUCT_NAME = "$(TARGET_NAME)";
				SWIFT_VERSION = 4.0;
				TARGETED_DEVICE_FAMILY = "1,2";
				TEST_HOST = "$(BUILT_PRODUCTS_DIR)/Tddbc.app/Tddbc";
			};
			name = Release;
		};
/* End XCBuildConfiguration section */

/* Begin XCConfigurationList section */
		B2A13F5E1F7F546400D64CF7 /* Build configuration list for PBXProject "Tddbc" */ = {
			isa = XCConfigurationList;
			buildConfigurations = (
				B2A13F7E1F7F546500D64CF7 /* Debug */,
				B2A13F7F1F7F546500D64CF7 /* Release */,
			);
			defaultConfigurationIsVisible = 0;
			defaultConfigurationName = Release;
		};
		B2A13F801F7F546500D64CF7 /* Build configuration list for PBXNativeTarget "Tddbc" */ = {
			isa = XCConfigurationList;
			buildConfigurations = (
				B2A13F811F7F546500D64CF7 /* Debug */,
				B2A13F821F7F546500D64CF7 /* Release */,
			);
			defaultConfigurationIsVisible = 0;
			defaultConfigurationName = Release;
		};
		B2A13F831F7F546500D64CF7 /* Build configuration list for PBXNativeTarget "TddbcTests" */ = {
			isa = XCConfigurationList;
			buildConfigurations = (
				B2A13F841F7F546500D64CF7 /* Debug */,
				B2A13F851F7F546500D64CF7 /* Release */,
			);
			defaultConfigurationIsVisible = 0;
			defaultConfigurationName = Release;
		};
/* End XCConfigurationList section */
	};
	rootObject = B2A13F5B1F7F546400D64CF7 /* Project object */;
}
